
Microsoft Visual Studio Solution File, Format Version 12.00
# Visual Studio Version 17
VisualStudioVersion = 17.2.32616.157
MinimumVisualStudioVersion = 10.0.40219.1
Project("{FAE04EC0-301F-11D3-BF4B-00C04F79EFBC}") = "ConsoleApp1", "\Mac\Home\Documents\GitHub\Assignment2\ConsoleApp1\ConsoleApp1.csproj", "{2758D636-A464-4B7D-AB06-82A4C06E0043}"
EndProject
Global
	GlobalSection(SolutionConfigurationPlatforms) = preSolution
		Debug|Any CPU = Debug|Any CPU
		Release|Any CPU = Release|Any CPU
	EndGlobalSection
	GlobalSection(ProjectConfigurationPlatforms) = postSolution
		{2758D636-A464-4B7D-AB06-82A4C06E0043}.Debug|Any CPU.ActiveCfg = Debug|Any CPU
		{2758D636-A464-4B7D-AB06-82A4C06E0043}.Debug|Any CPU.Build.0 = Debug|Any CPU
		{2758D636-A464-4B7D-AB06-82A4C06E0043}.Release|Any CPU.ActiveCfg = Release|Any CPU
		{2758D636-A464-4B7D-AB06-82A4C06E0043}.Release|Any CPU.Build.0 = Release|Any CPU
	EndGlobalSection
	GlobalSection(SolutionProperties) = preSolution
		HideSolutionNode = FALSE
	EndGlobalSection
	GlobalSection(ExtensibilityGlobals) = postSolution
		SolutionGuid = {462FC514-8CF3-4560-9385-26A3C0EB1181}
	EndGlobalSection
EndGlobal
